
Microsoft Visual Studio Solution File, Format Version 12.00
# Visual Studio Version 17
VisualStudioVersion = 17.0.31825.309
MinimumVisualStudioVersion = 10.0.40219.1
Project("{9A19103F-16F7-4668-BE54-9A1E7A4F7556}") = "splFacebookNet6", "splFacebookNet6\splFacebookNet6.csproj", "{822FCF4C-C99F-4E41-9857-A43C03AE01EB}"
EndProject
Project("{9A19103F-16F7-4668-BE54-9A1E7A4F7556}") = "splFacebookAPI", "splFacebookAPI\splFacebookAPI.csproj", "{3B9D3BAF-BC85-4258-A6A4-9C511ADB7393}"
EndProject
Project("{FAE04EC0-301F-11D3-BF4B-00C04F79EFBC}") = "splFacebookShare", "splFacebookShare\splFacebookShare.csproj", "{84224F16-D8FF-4249-B74F-B8DF794125E2}"
EndProject
Global
	GlobalSection(SolutionConfigurationPlatforms) = preSolution
		Debug|Any CPU = Debug|Any CPU
		Release|Any CPU = Release|Any CPU
	EndGlobalSection
	GlobalSection(ProjectConfigurationPlatforms) = postSolution
		{822FCF4C-C99F-4E41-9857-A43C03AE01EB}.Debug|Any CPU.ActiveCfg = Debug|Any CPU
		{822FCF4C-C99F-4E41-9857-A43C03AE01EB}.Debug|Any CPU.Build.0 = Debug|Any CPU
		{822FCF4C-C99F-4E41-9857-A43C03AE01EB}.Release|Any CPU.ActiveCfg = Release|Any CPU
		{822FCF4C-C99F-4E41-9857-A43C03AE01EB}.Release|Any CPU.Build.0 = Release|Any CPU
		{3B9D3BAF-BC85-4258-A6A4-9C511ADB7393}.Debug|Any CPU.ActiveCfg = Debug|Any CPU
		{3B9D3BAF-BC85-4258-A6A4-9C511ADB7393}.Debug|Any CPU.Build.0 = Debug|Any CPU
		{3B9D3BAF-BC85-4258-A6A4-9C511ADB7393}.Release|Any CPU.ActiveCfg = Release|Any CPU
		{3B9D3BAF-BC85-4258-A6A4-9C511ADB7393}.Release|Any CPU.Build.0 = Release|Any CPU
		{84224F16-D8FF-4249-B74F-B8DF794125E2}.Debug|Any CPU.ActiveCfg = Debug|Any CPU
		{84224F16-D8FF-4249-B74F-B8DF794125E2}.Debug|Any CPU.Build.0 = Debug|Any CPU
		{84224F16-D8FF-4249-B74F-B8DF794125E2}.Release|Any CPU.ActiveCfg = Release|Any CPU
		{84224F16-D8FF-4249-B74F-B8DF794125E2}.Release|Any CPU.Build.0 = Release|Any CPU
	EndGlobalSection
	GlobalSection(SolutionProperties) = preSolution
		HideSolutionNode = FALSE
	EndGlobalSection
	GlobalSection(ExtensibilityGlobals) = postSolution
		SolutionGuid = {B7CE7C04-9096-4802-B227-DAC26D936B8D}
	EndGlobalSection
EndGlobal
